// !$*UTF8*$!
{
	archiveVersion = 1;
	classes = {
	};
	objectVersion = 56;
	objects = {

/* Begin PBXBuildFile section */
		A108D2C729FF82400002F417 /* Bubble.swift in Sources */ = {isa = PBXBuildFile; fileRef = A108D2C629FF82400002F417 /* Bubble.swift */; };
		A17B764E29F7759A00D7B809 /* AppDelegate.swift in Sources */ = {isa = PBXBuildFile; fileRef = A17B764D29F7759A00D7B809 /* AppDelegate.swift */; };
		A17B765029F7759A00D7B809 /* SceneDelegate.swift in Sources */ = {isa = PBXBuildFile; fileRef = A17B764F29F7759A00D7B809 /* SceneDelegate.swift */; };
		A17B765229F7759A00D7B809 /* ViewController.swift in Sources */ = {isa = PBXBuildFile; fileRef = A17B765129F7759A00D7B809 /* ViewController.swift */; };
		A17B765529F7759A00D7B809 /* Main.storyboard in Resources */ = {isa = PBXBuildFile; fileRef = A17B765329F7759A00D7B809 /* Main.storyboard */; };
		A17B765729F7759D00D7B809 /* Assets.xcassets in Resources */ = {isa = PBXBuildFile; fileRef = A17B765629F7759D00D7B809 /* Assets.xcassets */; };
		A17B765A29F7759D00D7B809 /* LaunchScreen.storyboard in Resources */ = {isa = PBXBuildFile; fileRef = A17B765829F7759D00D7B809 /* LaunchScreen.storyboard */; };
		A17B766529F77A3300D7B809 /* SettingViewController.swift in Sources */ = {isa = PBXBuildFile; fileRef = A17B766429F77A3300D7B809 /* SettingViewController.swift */; };
		A17B766729F77A4900D7B809 /* GameViewController.swift in Sources */ = {isa = PBXBuildFile; fileRef = A17B766629F77A4900D7B809 /* GameViewController.swift */; };
		A17B766929F77A5900D7B809 /* HighScoreViewController.swift in Sources */ = {isa = PBXBuildFile; fileRef = A17B766829F77A5900D7B809 /* HighScoreViewController.swift */; };
		A1E3AA9729FB6DCE00468510 /* DataStore.swift in Sources */ = {isa = PBXBuildFile; fileRef = A1E3AA9629FB6DCE00468510 /* DataStore.swift */; };
/* End PBXBuildFile section */

/* Begin PBXFileReference section */
		A108D2C629FF82400002F417 /* Bubble.swift */ = {isa = PBXFileReference; lastKnownFileType = sourcecode.swift; path = Bubble.swift; sourceTree = "<group>"; };
		A17B764A29F7759A00D7B809 /* Assignment2.app */ = {isa = PBXFileReference; explicitFileType = wrapper.application; includeInIndex = 0; path = Assignment2.app; sourceTree = BUILT_PRODUCTS_DIR; };
		A17B764D29F7759A00D7B809 /* AppDelegate.swift */ = {isa = PBXFileReference; lastKnownFileType = sourcecode.swift; path = AppDelegate.swift; sourceTree = "<group>"; };
		A17B764F29F7759A00D7B809 /* SceneDelegate.swift */ = {isa = PBXFileReference; lastKnownFileType = sourcecode.swift; path = SceneDelegate.swift; sourceTree = "<group>"; };
		A17B765129F7759A00D7B809 /* ViewController.swift */ = {isa = PBXFileReference; lastKnownFileType = sourcecode.swift; path = ViewController.swift; sourceTree = "<group>"; };
		A17B765429F7759A00D7B809 /* Base */ = {isa = PBXFileReference; lastKnownFileType = file.storyboard; name = Base; path = Base.lproj/Main.storyboard; sourceTree = "<group>"; };
		A17B765629F7759D00D7B809 /* Assets.xcassets */ = {isa = PBXFileReference; lastKnownFileType = folder.assetcatalog; path = Assets.xcassets; sourceTree = "<group>"; };
		A17B765929F7759D00D7B809 /* Base */ = {isa = PBXFileReference; lastKnownFileType = file.storyboard; name = Base; path = Base.lproj/LaunchScreen.storyboard; sourceTree = "<group>"; };
		A17B765B29F7759D00D7B809 /* Info.plist */ = {isa = PBXFileReference; lastKnownFileType = text.plist.xml; path = Info.plist; sourceTree = "<group>"; };
		A17B766429F77A3300D7B809 /* SettingViewController.swift */ = {isa = PBXFileReference; lastKnownFileType = sourcecode.swift; path = SettingViewController.swift; sourceTree = "<group>"; };
		A17B766629F77A4900D7B809 /* GameViewController.swift */ = {isa = PBXFileReference; lastKnownFileType = sourcecode.swift; path = GameViewController.swift; sourceTree = "<group>"; };
		A17B766829F77A5900D7B809 /* HighScoreViewController.swift */ = {isa = PBXFileReference; lastKnownFileType = sourcecode.swift; path = HighScoreViewController.swift; sourceTree = "<group>"; };
		A1E3AA9629FB6DCE00468510 /* DataStore.swift */ = {isa = PBXFileReference; lastKnownFileType = sourcecode.swift; path = DataStore.swift; sourceTree = "<group>"; };
/* End PBXFileReference section */

/* Begin PBXFrameworksBuildPhase section */
		A17B764729F7759A00D7B809 /* Frameworks */ = {
			isa = PBXFrameworksBuildPhase;
			buildActionMask = 2147483647;
			files = (
			);
			runOnlyForDeploymentPostprocessing = 0;
		};
/* End PBXFrameworksBuildPhase section */

/* Begin PBXGroup section */
		A17B764129F7759A00D7B809 = {
			isa = PBXGroup;
			children = (
				A17B764C29F7759A00D7B809 /* Assignment2 */,
				A17B764B29F7759A00D7B809 /* Products */,
			);
			sourceTree = "<group>";
		};
		A17B764B29F7759A00D7B809 /* Products */ = {
			isa = PBXGroup;
			children = (
				A17B764A29F7759A00D7B809 /* Assignment2.app */,
			);
			name = Products;
			sourceTree = "<group>";
		};
		A17B764C29F7759A00D7B809 /* Assignment2 */ = {
			isa = PBXGroup;
			children = (
				A17B766329F7796000D7B809 /* Model */,
				A17B766229F7795300D7B809 /* Controller */,
				A17B766129F775AC00D7B809 /* View */,
				A17B764D29F7759A00D7B809 /* AppDelegate.swift */,
				A17B764F29F7759A00D7B809 /* SceneDelegate.swift */,
				A17B765629F7759D00D7B809 /* Assets.xcassets */,
				A17B765829F7759D00D7B809 /* LaunchScreen.storyboard */,
				A17B765B29F7759D00D7B809 /* Info.plist */,
				A1E3AA9629FB6DCE00468510 /* DataStore.swift */,
			);
			path = Assignment2;
			sourceTree = "<group>";
		};
		A17B766129F775AC00D7B809 /* View */ = {
			isa = PBXGroup;
			children = (
				A17B765329F7759A00D7B809 /* Main.storyboard */,
			);
			path = View;
			sourceTree = "<group>";
		};
		A17B766229F7795300D7B809 /* Controller */ = {
			isa = PBXGroup;
			children = (
				A17B765129F7759A00D7B809 /* ViewController.swift */,
				A17B766429F77A3300D7B809 /* SettingViewController.swift */,
				A17B766629F77A4900D7B809 /* GameViewController.swift */,
				A17B766829F77A5900D7B809 /* HighScoreViewController.swift */,
			);
			path = Controller;
			sourceTree = "<group>";
		};
		A17B766329F7796000D7B809 /* Model */ = {
			isa = PBXGroup;
			children = (
				A108D2C629FF82400002F417 /* Bubble.swift */,
			);
			path = Model;
			sourceTree = "<group>";
		};
/* End PBXGroup section */

/* Begin PBXNativeTarget section */
		A17B764929F7759A00D7B809 /* Assignment2 */ = {
			isa = PBXNativeTarget;
			buildConfigurationList = A17B765E29F7759D00D7B809 /* Build configuration list for PBXNativeTarget "Assignment2" */;
			buildPhases = (
				A17B764629F7759A00D7B809 /* Sources */,
				A17B764729F7759A00D7B809 /* Frameworks */,
				A17B764829F7759A00D7B809 /* Resources */,
			);
			buildRules = (
			);
			dependencies = (
			);
			name = Assignment2;
			productName = Assignment2;
			productReference = A17B764A29F7759A00D7B809 /* Assignment2.app */;
			productType = "com.apple.product-type.application";
		};
/* End PBXNativeTarget section */

/* Begin PBXProject section */
		A17B764229F7759A00D7B809 /* Project object */ = {
			isa = PBXProject;
			attributes = {
				BuildIndependentTargetsInParallel = 1;
				LastSwiftUpdateCheck = 1420;
				LastUpgradeCheck = 1420;
				TargetAttributes = {
					A17B764929F7759A00D7B809 = {
						CreatedOnToolsVersion = 14.2;
					};
				};
			};
			buildConfigurationList = A17B764529F7759A00D7B809 /* Build configuration list for PBXProject "Assignment2" */;
			compatibilityVersion = "Xcode 14.0";
			developmentRegion = en;
			hasScannedForEncodings = 0;
			knownRegions = (
				en,
				Base,
			);
			mainGroup = A17B764129F7759A00D7B809;
			productRefGroup = A17B764B29F7759A00D7B809 /* Products */;
			projectDirPath = "";
			projectRoot = "";
			targets = (
				A17B764929F7759A00D7B809 /* Assignment2 */,
			);
		};
/* End PBXProject section */

/* Begin PBXResourcesBuildPhase section */
		A17B764829F7759A00D7B809 /* Resources */ = {
			isa = PBXResourcesBuildPhase;
			buildActionMask = 2147483647;
			files = (
				A17B765A29F7759D00D7B809 /* LaunchScreen.storyboard in Resources */,
				A17B765729F7759D00D7B809 /* Assets.xcassets in Resources */,
				A17B765529F7759A00D7B809 /* Main.storyboard in Resources */,
			);
			runOnlyForDeploymentPostprocessing = 0;
		};
/* End PBXResourcesBuildPhase section */

/* Begin PBXSourcesBuildPhase section */
		A17B764629F7759A00D7B809 /* Sources */ = {
			isa = PBXSourcesBuildPhase;
			buildActionMask = 2147483647;
			files = (
				A17B766729F77A4900D7B809 /* GameViewController.swift in Sources */,
				A108D2C729FF82400002F417 /* Bubble.swift in Sources */,
				A1E3AA9729FB6DCE00468510 /* DataStore.swift in Sources */,
				A17B765229F7759A00D7B809 /* ViewController.swift in Sources */,
				A17B764E29F7759A00D7B809 /* AppDelegate.swift in Sources */,
				A17B765029F7759A00D7B809 /* SceneDelegate.swift in Sources */,
				A17B766529F77A3300D7B809 /* SettingViewController.swift in Sources */,
				A17B766929F77A5900D7B809 /* HighScoreViewController.swift in Sources */,
			);
			runOnlyForDeploymentPostprocessing = 0;
		};
/* End PBXSourcesBuildPhase section */

/* Begin PBXVariantGroup section */
		A17B765329F7759A00D7B809 /* Main.storyboard */ = {
			isa = PBXVariantGroup;
			children = (
				A17B765429F7759A00D7B809 /* Base */,
			);
			name = Main.storyboard;
			sourceTree = "<group>";
		};
		A17B765829F7759D00D7B809 /* LaunchScreen.storyboard */ = {
			isa = PBXVariantGroup;
			children = (
				A17B765929F7759D00D7B809 /* Base */,
			);
			name = LaunchScreen.storyboard;
			sourceTree = "<group>";
		};
/* End PBXVariantGroup section */

/* Begin XCBuildConfiguration section */
		A17B765C29F7759D00D7B809 /* Debug */ = {
			isa = XCBuildConfiguration;
			buildSettings = {
				ALWAYS_SEARCH_USER_PATHS = NO;
				CLANG_ANALYZER_NONNULL = YES;
				CLANG_ANALYZER_NUMBER_OBJECT_CONVERSION = YES_AGGRESSIVE;
				CLANG_CXX_LANGUAGE_STANDARD = "gnu++20";
				CLANG_ENABLE_MODULES = YES;
				CLANG_ENABLE_OBJC_ARC = YES;
				CLANG_ENABLE_OBJC_WEAK = YES;
				CLANG_WARN_BLOCK_CAPTURE_AUTORELEASING = YES;
				CLANG_WARN_BOOL_CONVERSION = YES;
				CLANG_WARN_COMMA = YES;
				CLANG_WARN_CONSTANT_CONVERSION = YES;
				CLANG_WARN_DEPRECATED_OBJC_IMPLEMENTATIONS = YES;
				CLANG_WARN_DIRECT_OBJC_ISA_USAGE = YES_ERROR;
				CLANG_WARN_DOCUMENTATION_COMMENTS = YES;
				CLANG_WARN_EMPTY_BODY = YES;
				CLANG_WARN_ENUM_CONVERSION = YES;
				CLANG_WARN_INFINITE_RECURSION = YES;
				CLANG_WARN_INT_CONVERSION = YES;
				CLANG_WARN_NON_LITERAL_NULL_CONVERSION = YES;
				CLANG_WARN_OBJC_IMPLICIT_RETAIN_SELF = YES;
				CLANG_WARN_OBJC_LITERAL_CONVERSION = YES;
				CLANG_WARN_OBJC_ROOT_CLASS = YES_ERROR;
				CLANG_WARN_QUOTED_INCLUDE_IN_FRAMEWORK_HEADER = YES;
				CLANG_WARN_RANGE_LOOP_ANALYSIS = YES;
				CLANG_WARN_STRICT_PROTOTYPES = YES;
				CLANG_WARN_SUSPICIOUS_MOVE = YES;
				CLANG_WARN_UNGUARDED_AVAILABILITY = YES_AGGRESSIVE;
				CLANG_WARN_UNREACHABLE_CODE = YES;
				CLANG_WARN__DUPLICATE_METHOD_MATCH = YES;
				COPY_PHASE_STRIP = NO;
				DEBUG_INFORMATION_FORMAT = dwarf;
				ENABLE_STRICT_OBJC_MSGSEND = YES;
				ENABLE_TESTABILITY = YES;
				GCC_C_LANGUAGE_STANDARD = gnu11;
				GCC_DYNAMIC_NO_PIC = NO;
				GCC_NO_COMMON_BLOCKS = YES;
				GCC_OPTIMIZATION_LEVEL = 0;
				GCC_PREPROCESSOR_DEFINITIONS = (
					"DEBUG=1",
					"$(inherited)",
				);
				GCC_WARN_64_TO_32_BIT_CONVERSION = YES;
				GCC_WARN_ABOUT_RETURN_TYPE = YES_ERROR;
				GCC_WARN_UNDECLARED_SELECTOR = YES;
				GCC_WARN_UNINITIALIZED_AUTOS = YES_AGGRESSIVE;
				GCC_WARN_UNUSED_FUNCTION = YES;
				GCC_WARN_UNUSED_VARIABLE = YES;
				IPHONEOS_DEPLOYMENT_TARGET = 15.2;
				MTL_ENABLE_DEBUG_INFO = INCLUDE_SOURCE;
				MTL_FAST_MATH = YES;
				ONLY_ACTIVE_ARCH = YES;
				SDKROOT = iphoneos;
				SWIFT_ACTIVE_COMPILATION_CONDITIONS = DEBUG;
				SWIFT_OPTIMIZATION_LEVEL = "-Onone";
			};
			name = Debug;
		};
		A17B765D29F7759D00D7B809 /* Release */ = {
			isa = XCBuildConfiguration;
			buildSettings = {
				ALWAYS_SEARCH_USER_PATHS = NO;
				CLANG_ANALYZER_NONNULL = YES;
				CLANG_ANALYZER_NUMBER_OBJECT_CONVERSION = YES_AGGRESSIVE;
				CLANG_CXX_LANGUAGE_STANDARD = "gnu++20";
				CLANG_ENABLE_MODULES = YES;
				CLANG_ENABLE_OBJC_ARC = YES;
				CLANG_ENABLE_OBJC_WEAK = YES;
				CLANG_WARN_BLOCK_CAPTURE_AUTORELEASING = YES;
				CLANG_WARN_BOOL_CONVERSION = YES;
				CLANG_WARN_COMMA = YES;
				CLANG_WARN_CONSTANT_CONVERSION = YES;
				CLANG_WARN_DEPRECATED_OBJC_IMPLEMENTATIONS = YES;
				CLANG_WARN_DIRECT_OBJC_ISA_USAGE = YES_ERROR;
				CLANG_WARN_DOCUMENTATION_COMMENTS = YES;
				CLANG_WARN_EMPTY_BODY = YES;
				CLANG_WARN_ENUM_CONVERSION = YES;
				CLANG_WARN_INFINITE_RECURSION = YES;
				CLANG_WARN_INT_CONVERSION = YES;
				CLANG_WARN_NON_LITERAL_NULL_CONVERSION = YES;
				CLANG_WARN_OBJC_IMPLICIT_RETAIN_SELF = YES;
				CLANG_WARN_OBJC_LITERAL_CONVERSION = YES;
				CLANG_WARN_OBJC_ROOT_CLASS = YES_ERROR;
				CLANG_WARN_QUOTED_INCLUDE_IN_FRAMEWORK_HEADER = YES;
				CLANG_WARN_RANGE_LOOP_ANALYSIS = YES;
				CLANG_WARN_STRICT_PROTOTYPES = YES;
				CLANG_WARN_SUSPICIOUS_MOVE = YES;
				CLANG_WARN_UNGUARDED_AVAILABILITY = YES_AGGRESSIVE;
				CLANG_WARN_UNREACHABLE_CODE = YES;
				CLANG_WARN__DUPLICATE_METHOD_MATCH = YES;
				COPY_PHASE_STRIP = NO;
				DEBUG_INFORMATION_FORMAT = "dwarf-with-dsym";
				ENABLE_NS_ASSERTIONS = NO;
				ENABLE_STRICT_OBJC_MSGSEND = YES;
				GCC_C_LANGUAGE_STANDARD = gnu11;
				GCC_NO_COMMON_BLOCKS = YES;
				GCC_WARN_64_TO_32_BIT_CONVERSION = YES;
				GCC_WARN_ABOUT_RETURN_TYPE = YES_ERROR;
				GCC_WARN_UNDECLARED_SELECTOR = YES;
				GCC_WARN_UNINITIALIZED_AUTOS = YES_AGGRESSIVE;
				GCC_WARN_UNUSED_FUNCTION = YES;
				GCC_WARN_UNUSED_VARIABLE = YES;
				IPHONEOS_DEPLOYMENT_TARGET = 15.2;
				MTL_ENABLE_DEBUG_INFO = NO;
				MTL_FAST_MATH = YES;
				SDKROOT = iphoneos;
				SWIFT_COMPILATION_MODE = wholemodule;
				SWIFT_OPTIMIZATION_LEVEL = "-O";
				VALIDATE_PRODUCT = YES;
			};
			name = Release;
		};
		A17B765F29F7759D00D7B809 /* Debug */ = {
			isa = XCBuildConfiguration;
			buildSettings = {
				ASSETCATALOG_COMPILER_APPICON_NAME = AppIcon;
				ASSETCATALOG_COMPILER_GLOBAL_ACCENT_COLOR_NAME = AccentColor;
				CODE_SIGN_STYLE = Automatic;
				CURRENT_PROJECT_VERSION = 1;
				GENERATE_INFOPLIST_FILE = YES;
				INFOPLIST_FILE = Assignment2/Info.plist;
				INFOPLIST_KEY_UIApplicationSupportsIndirectInputEvents = YES;
				INFOPLIST_KEY_UILaunchStoryboardName = LaunchScreen;
				INFOPLIST_KEY_UIMainStoryboardFile = Main;
				INFOPLIST_KEY_UISupportedInterfaceOrientations_iPad = "UIInterfaceOrientationPortrait UIInterfaceOrientationPortraitUpsideDown UIInterfaceOrientationLandscapeLeft UIInterfaceOrientationLandscapeRight";
				INFOPLIST_KEY_UISupportedInterfaceOrientations_iPhone = "UIInterfaceOrientationPortrait UIInterfaceOrientationLandscapeLeft UIInterfaceOrientationLandscapeRight";
				IPHONEOS_DEPLOYMENT_TARGET = 15.2;
				LD_RUNPATH_SEARCH_PATHS = (
					"$(inherited)",
					"@executable_path/Frameworks",
				);
				MARKETING_VERSION = 1.0;
				PRODUCT_BUNDLE_IDENTIFIER = organization.Assignment2;
				PRODUCT_NAME = "$(TARGET_NAME)";
				SWIFT_EMIT_LOC_STRINGS = YES;
				SWIFT_VERSION = 5.0;
				TARGETED_DEVICE_FAMILY = "1,2";
			};
			name = Debug;
		};
		A17B766029F7759D00D7B809 /* Release */ = {
			isa = XCBuildConfiguration;
			buildSettings = {
				ASSETCATALOG_COMPILER_APPICON_NAME = AppIcon;
				ASSETCATALOG_COMPILER_GLOBAL_ACCENT_COLOR_NAME = AccentColor;
				CODE_SIGN_STYLE = Automatic;
				CURRENT_PROJECT_VERSION = 1;
				GENERATE_INFOPLIST_FILE = YES;
				INFOPLIST_FILE = Assignment2/Info.plist;
				INFOPLIST_KEY_UIApplicationSupportsIndirectInputEvents = YES;
				INFOPLIST_KEY_UILaunchStoryboardName = LaunchScreen;
				INFOPLIST_KEY_UIMainStoryboardFile = Main;
				INFOPLIST_KEY_UISupportedInterfaceOrientations_iPad = "UIInterfaceOrientationPortrait UIInterfaceOrientationPortraitUpsideDown UIInterfaceOrientationLandscapeLeft UIInterfaceOrientationLandscapeRight";
				INFOPLIST_KEY_UISupportedInterfaceOrientations_iPhone = "UIInterfaceOrientationPortrait UIInterfaceOrientationLandscapeLeft UIInterfaceOrientationLandscapeRight";
				IPHONEOS_DEPLOYMENT_TARGET = 15.2;
				LD_RUNPATH_SEARCH_PATHS = (
					"$(inherited)",
					"@executable_path/Frameworks",
				);
				MARKETING_VERSION = 1.0;
				PRODUCT_BUNDLE_IDENTIFIER = organization.Assignment2;
				PRODUCT_NAME = "$(TARGET_NAME)";
				SWIFT_EMIT_LOC_STRINGS = YES;
				SWIFT_VERSION = 5.0;
				TARGETED_DEVICE_FAMILY = "1,2";
			};
			name = Release;
		};
/* End XCBuildConfiguration section */

/* Begin XCConfigurationList section */
		A17B764529F7759A00D7B809 /* Build configuration list for PBXProject "Assignment2" */ = {
			isa = XCConfigurationList;
			buildConfigurations = (
				A17B765C29F7759D00D7B809 /* Debug */,
				A17B765D29F7759D00D7B809 /* Release */,
			);
			defaultConfigurationIsVisible = 0;
			defaultConfigurationName = Release;
		};
		A17B765E29F7759D00D7B809 /* Build configuration list for PBXNativeTarget "Assignment2" */ = {
			isa = XCConfigurationList;
			buildConfigurations = (
				A17B765F29F7759D00D7B809 /* Debug */,
				A17B766029F7759D00D7B809 /* Release */,
			);
			defaultConfigurationIsVisible = 0;
			defaultConfigurationName = Release;
		};
/* End XCConfigurationList section */
	};
	rootObject = A17B764229F7759A00D7B809 /* Project object */;
}
